// !$*UTF8*$!
{
	archiveVersion = 1;
	classes = {
	};
	objectVersion = 46;
	objects = {

/* Begin PBXBuildFile section */
		2BA760C86FB04E71A4DC4316 /* libPods-PodfileUpgrade.a in Frameworks */ = {isa = PBXBuildFile; fileRef = 1215538A6C7D49AFB7D21F3C /* libPods-PodfileUpgrade.a */; };
		3FAD2E7189574DDCB799402E /* libPods-PodfileUpgradeTests.a in Frameworks */ = {isa = PBXBuildFile; fileRef = 0A04C573236642E89D1B6D4E /* libPods-PodfileUpgradeTests.a */; };
		3FB354E318E381E900ACB92F /* Foundation.framework in Frameworks */ = {isa = PBXBuildFile; fileRef = 3FB354E218E381E900ACB92F /* Foundation.framework */; };
		3FB354E518E381E900ACB92F /* CoreGraphics.framework in Frameworks */ = {isa = PBXBuildFile; fileRef = 3FB354E418E381E900ACB92F /* CoreGraphics.framework */; };
		3FB354E718E381E900ACB92F /* UIKit.framework in Frameworks */ = {isa = PBXBuildFile; fileRef = 3FB354E618E381E900ACB92F /* UIKit.framework */; };
		3FB354ED18E381E900ACB92F /* InfoPlist.strings in Resources */ = {isa = PBXBuildFile; fileRef = 3FB354EB18E381E900ACB92F /* InfoPlist.strings */; };
		3FB354EF18E381E900ACB92F /* main.m in Sources */ = {isa = PBXBuildFile; fileRef = 3FB354EE18E381E900ACB92F /* main.m */; };
		3FB354F318E381E900ACB92F /* AppDelegate.m in Sources */ = {isa = PBXBuildFile; fileRef = 3FB354F218E381E900ACB92F /* AppDelegate.m */; };
		3FB354F518E381E900ACB92F /* Images.xcassets in Resources */ = {isa = PBXBuildFile; fileRef = 3FB354F418E381E900ACB92F /* Images.xcassets */; };
		3FB354FC18E381E900ACB92F /* XCTest.framework in Frameworks */ = {isa = PBXBuildFile; fileRef = 3FB354FB18E381E900ACB92F /* XCTest.framework */; };
		3FB354FD18E381E900ACB92F /* Foundation.framework in Frameworks */ = {isa = PBXBuildFile; fileRef = 3FB354E218E381E900ACB92F /* Foundation.framework */; };
		3FB354FE18E381E900ACB92F /* UIKit.framework in Frameworks */ = {isa = PBXBuildFile; fileRef = 3FB354E618E381E900ACB92F /* UIKit.framework */; };
		3FB3550618E381E900ACB92F /* InfoPlist.strings in Resources */ = {isa = PBXBuildFile; fileRef = 3FB3550418E381E900ACB92F /* InfoPlist.strings */; };
		3FB3550818E381E900ACB92F /* PodfileUpgradeTests.m in Sources */ = {isa = PBXBuildFile; fileRef = 3FB3550718E381E900ACB92F /* PodfileUpgradeTests.m */; };
/* End PBXBuildFile section */

/* Begin PBXContainerItemProxy section */
		3FB354FF18E381E900ACB92F /* PBXContainerItemProxy */ = {
			isa = PBXContainerItemProxy;
			containerPortal = 3FB354D718E381E900ACB92F /* Project object */;
			proxyType = 1;
			remoteGlobalIDString = 3FB354DE18E381E900ACB92F;
			remoteInfo = PodfileUpgrade;
		};
/* End PBXContainerItemProxy section */

/* Begin PBXFileReference section */
		0A04C573236642E89D1B6D4E /* libPods-PodfileUpgradeTests.a */ = {isa = PBXFileReference; explicitFileType = archive.ar; includeInIndex = 0; path = "libPods-PodfileUpgradeTests.a"; sourceTree = BUILT_PRODUCTS_DIR; };
		1215538A6C7D49AFB7D21F3C /* libPods-PodfileUpgrade.a */ = {isa = PBXFileReference; explicitFileType = archive.ar; includeInIndex = 0; path = "libPods-PodfileUpgrade.a"; sourceTree = BUILT_PRODUCTS_DIR; };
		3FB354DF18E381E900ACB92F /* PodfileUpgrade.app */ = {isa = PBXFileReference; explicitFileType = wrapper.application; includeInIndex = 0; path = PodfileUpgrade.app; sourceTree = BUILT_PRODUCTS_DIR; };
		3FB354E218E381E900ACB92F /* Foundation.framework */ = {isa = PBXFileReference; lastKnownFileType = wrapper.framework; name = Foundation.framework; path = System/Library/Frameworks/Foundation.framework; sourceTree = SDKROOT; };
		3FB354E418E381E900ACB92F /* CoreGraphics.framework */ = {isa = PBXFileReference; lastKnownFileType = wrapper.framework; name = CoreGraphics.framework; path = System/Library/Frameworks/CoreGraphics.framework; sourceTree = SDKROOT; };
		3FB354E618E381E900ACB92F /* UIKit.framework */ = {isa = PBXFileReference; lastKnownFileType = wrapper.framework; name = UIKit.framework; path = System/Library/Frameworks/UIKit.framework; sourceTree = SDKROOT; };
		3FB354EA18E381E900ACB92F /* PodfileUpgrade-Info.plist */ = {isa = PBXFileReference; lastKnownFileType = text.plist.xml; path = "PodfileUpgrade-Info.plist"; sourceTree = "<group>"; };
		3FB354EC18E381E900ACB92F /* en */ = {isa = PBXFileReference; lastKnownFileType = text.plist.strings; name = en; path = en.lproj/InfoPlist.strings; sourceTree = "<group>"; };
		3FB354EE18E381E900ACB92F /* main.m */ = {isa = PBXFileReference; lastKnownFileType = sourcecode.c.objc; path = main.m; sourceTree = "<group>"; };
		3FB354F018E381E900ACB92F /* PodfileUpgrade-Prefix.pch */ = {isa = PBXFileReference; lastKnownFileType = sourcecode.c.h; path = "PodfileUpgrade-Prefix.pch"; sourceTree = "<group>"; };
		3FB354F118E381E900ACB92F /* AppDelegate.h */ = {isa = PBXFileReference; lastKnownFileType = sourcecode.c.h; path = AppDelegate.h; sourceTree = "<group>"; };
		3FB354F218E381E900ACB92F /* AppDelegate.m */ = {isa = PBXFileReference; lastKnownFileType = sourcecode.c.objc; path = AppDelegate.m; sourceTree = "<group>"; };
		3FB354F418E381E900ACB92F /* Images.xcassets */ = {isa = PBXFileReference; lastKnownFileType = folder.assetcatalog; path = Images.xcassets; sourceTree = "<group>"; };
		3FB354FA18E381E900ACB92F /* PodfileUpgradeTests.xctest */ = {isa = PBXFileReference; explicitFileType = wrapper.cfbundle; includeInIndex = 0; path = PodfileUpgradeTests.xctest; sourceTree = BUILT_PRODUCTS_DIR; };
		3FB354FB18E381E900ACB92F /* XCTest.framework */ = {isa = PBXFileReference; lastKnownFileType = wrapper.framework; name = XCTest.framework; path = Library/Frameworks/XCTest.framework; sourceTree = DEVELOPER_DIR; };
		3FB3550318E381E900ACB92F /* PodfileUpgradeTests-Info.plist */ = {isa = PBXFileReference; lastKnownFileType = text.plist.xml; path = "PodfileUpgradeTests-Info.plist"; sourceTree = "<group>"; };
		3FB3550518E381E900ACB92F /* en */ = {isa = PBXFileReference; lastKnownFileType = text.plist.strings; name = en; path = en.lproj/InfoPlist.strings; sourceTree = "<group>"; };
		3FB3550718E381E900ACB92F /* PodfileUpgradeTests.m */ = {isa = PBXFileReference; lastKnownFileType = sourcecode.c.objc; path = PodfileUpgradeTests.m; sourceTree = "<group>"; };
		4F735927BE674796B0BB888B /* Pods-PodfileUpgradeTests.xcconfig */ = {isa = PBXFileReference; includeInIndex = 1; lastKnownFileType = text.xcconfig; name = "Pods-PodfileUpgradeTests.xcconfig"; path = "Pods/Pods-PodfileUpgradeTests.xcconfig"; sourceTree = "<group>"; };
		66954BD81A194F8BB53EA9C1 /* Pods-PodfileUpgrade.xcconfig */ = {isa = PBXFileReference; includeInIndex = 1; lastKnownFileType = text.xcconfig; name = "Pods-PodfileUpgrade.xcconfig"; path = "Pods/Pods-PodfileUpgrade.xcconfig"; sourceTree = "<group>"; };
		A4F3864289CB474EA6A736A1 /* libPods.a */ = {isa = PBXFileReference; explicitFileType = archive.ar; includeInIndex = 0; path = libPods.a; sourceTree = BUILT_PRODUCTS_DIR; };
		AF4C9157D8454EA5874DE3EE /* Pods.xcconfig */ = {isa = PBXFileReference; includeInIndex = 1; lastKnownFileType = text.xcconfig; name = Pods.xcconfig; path = Pods/Pods.xcconfig; sourceTree = "<group>"; };
/* End PBXFileReference section */

/* Begin PBXFrameworksBuildPhase section */
		3FB354DC18E381E900ACB92F /* Frameworks */ = {
			isa = PBXFrameworksBuildPhase;
			buildActionMask = 2147483647;
			files = (
				3FB354E518E381E900ACB92F /* CoreGraphics.framework in Frameworks */,
				3FB354E718E381E900ACB92F /* UIKit.framework in Frameworks */,
				3FB354E318E381E900ACB92F /* Foundation.framework in Frameworks */,
				2BA760C86FB04E71A4DC4316 /* libPods-PodfileUpgrade.a in Frameworks */,
			);
			runOnlyForDeploymentPostprocessing = 0;
		};
		3FB354F718E381E900ACB92F /* Frameworks */ = {
			isa = PBXFrameworksBuildPhase;
			buildActionMask = 2147483647;
			files = (
				3FB354FC18E381E900ACB92F /* XCTest.framework in Frameworks */,
				3FB354FE18E381E900ACB92F /* UIKit.framework in Frameworks */,
				3FB354FD18E381E900ACB92F /* Foundation.framework in Frameworks */,
				3FAD2E7189574DDCB799402E /* libPods-PodfileUpgradeTests.a in Frameworks */,
			);
			runOnlyForDeploymentPostprocessing = 0;
		};
/* End PBXFrameworksBuildPhase section */

/* Begin PBXGroup section */
		3FB354D618E381E900ACB92F = {
			isa = PBXGroup;
			children = (
				3FB354E818E381E900ACB92F /* PodfileUpgrade */,
				3FB3550118E381E900ACB92F /* PodfileUpgradeTests */,
				3FB354E118E381E900ACB92F /* Frameworks */,
				3FB354E018E381E900ACB92F /* Products */,
				AF4C9157D8454EA5874DE3EE /* Pods.xcconfig */,
				66954BD81A194F8BB53EA9C1 /* Pods-PodfileUpgrade.xcconfig */,
				4F735927BE674796B0BB888B /* Pods-PodfileUpgradeTests.xcconfig */,
			);
			sourceTree = "<group>";
		};
		3FB354E018E381E900ACB92F /* Products */ = {
			isa = PBXGroup;
			children = (
				3FB354DF18E381E900ACB92F /* PodfileUpgrade.app */,
				3FB354FA18E381E900ACB92F /* PodfileUpgradeTests.xctest */,
			);
			name = Products;
			sourceTree = "<group>";
		};
		3FB354E118E381E900ACB92F /* Frameworks */ = {
			isa = PBXGroup;
			children = (
				3FB354E218E381E900ACB92F /* Foundation.framework */,
				3FB354E418E381E900ACB92F /* CoreGraphics.framework */,
				3FB354E618E381E900ACB92F /* UIKit.framework */,
				3FB354FB18E381E900ACB92F /* XCTest.framework */,
				A4F3864289CB474EA6A736A1 /* libPods.a */,
				1215538A6C7D49AFB7D21F3C /* libPods-PodfileUpgrade.a */,
				0A04C573236642E89D1B6D4E /* libPods-PodfileUpgradeTests.a */,
			);
			name = Frameworks;
			sourceTree = "<group>";
		};
		3FB354E818E381E900ACB92F /* PodfileUpgrade */ = {
			isa = PBXGroup;
			children = (
				3FB354F118E381E900ACB92F /* AppDelegate.h */,
				3FB354F218E381E900ACB92F /* AppDelegate.m */,
				3FB354F418E381E900ACB92F /* Images.xcassets */,
				3FB354E918E381E900ACB92F /* Supporting Files */,
			);
			path = PodfileUpgrade;
			sourceTree = "<group>";
		};
		3FB354E918E381E900ACB92F /* Supporting Files */ = {
			isa = PBXGroup;
			children = (
				3FB354EA18E381E900ACB92F /* PodfileUpgrade-Info.plist */,
				3FB354EB18E381E900ACB92F /* InfoPlist.strings */,
				3FB354EE18E381E900ACB92F /* main.m */,
				3FB354F018E381E900ACB92F /* PodfileUpgrade-Prefix.pch */,
			);
			name = "Supporting Files";
			sourceTree = "<group>";
		};
		3FB3550118E381E900ACB92F /* PodfileUpgradeTests */ = {
			isa = PBXGroup;
			children = (
				3FB3550718E381E900ACB92F /* PodfileUpgradeTests.m */,
				3FB3550218E381E900ACB92F /* Supporting Files */,
			);
			path = PodfileUpgradeTests;
			sourceTree = "<group>";
		};
		3FB3550218E381E900ACB92F /* Supporting Files */ = {
			isa = PBXGroup;
			children = (
				3FB3550318E381E900ACB92F /* PodfileUpgradeTests-Info.plist */,
				3FB3550418E381E900ACB92F /* InfoPlist.strings */,
			);
			name = "Supporting Files";
			sourceTree = "<group>";
		};
/* End PBXGroup section */

/* Begin PBXNativeTarget section */
		3FB354DE18E381E900ACB92F /* PodfileUpgrade */ = {
			isa = PBXNativeTarget;
			buildConfigurationList = 3FB3550B18E381E900ACB92F /* Build configuration list for PBXNativeTarget "PodfileUpgrade" */;
			buildPhases = (
				0BDDBDAEC4064505AC1E9541 /* Check Pods Manifest.lock */,
				3FB354DB18E381E900ACB92F /* Sources */,
				3FB354DC18E381E900ACB92F /* Frameworks */,
				3FB354DD18E381E900ACB92F /* Resources */,
				FABA357A441A47A38AD662EE /* Copy Pods Resources */,
			);
			buildRules = (
			);
			dependencies = (
			);
			name = PodfileUpgrade;
			productName = PodfileUpgrade;
			productReference = 3FB354DF18E381E900ACB92F /* PodfileUpgrade.app */;
			productType = "com.apple.product-type.application";
		};
		3FB354F918E381E900ACB92F /* PodfileUpgradeTests */ = {
			isa = PBXNativeTarget;
			buildConfigurationList = 3FB3550E18E381E900ACB92F /* Build configuration list for PBXNativeTarget "PodfileUpgradeTests" */;
			buildPhases = (
				EC3A554A67F44C2E97D25C38 /* Check Pods Manifest.lock */,
				3FB354F618E381E900ACB92F /* Sources */,
				3FB354F718E381E900ACB92F /* Frameworks */,
				3FB354F818E381E900ACB92F /* Resources */,
				DFF159672B734767AFAAD5CA /* Copy Pods Resources */,
			);
			buildRules = (
			);
			dependencies = (
				3FB3550018E381E900ACB92F /* PBXTargetDependency */,
			);
			name = PodfileUpgradeTests;
			productName = PodfileUpgradeTests;
			productReference = 3FB354FA18E381E900ACB92F /* PodfileUpgradeTests.xctest */;
			productType = "com.apple.product-type.bundle.unit-test";
		};
/* End PBXNativeTarget section */

/* Begin PBXProject section */
		3FB354D718E381E900ACB92F /* Project object */ = {
			isa = PBXProject;
			attributes = {
				LastUpgradeCheck = 0510;
				ORGANIZATIONNAME = mokagio;
				TargetAttributes = {
					3FB354F918E381E900ACB92F = {
						TestTargetID = 3FB354DE18E381E900ACB92F;
					};
				};
			};
			buildConfigurationList = 3FB354DA18E381E900ACB92F /* Build configuration list for PBXProject "PodfileUpgrade" */;
			compatibilityVersion = "Xcode 3.2";
			developmentRegion = English;
			hasScannedForEncodings = 0;
			knownRegions = (
				en,
			);
			mainGroup = 3FB354D618E381E900ACB92F;
			productRefGroup = 3FB354E018E381E900ACB92F /* Products */;
			projectDirPath = "";
			projectRoot = "";
			targets = (
				3FB354DE18E381E900ACB92F /* PodfileUpgrade */,
				3FB354F918E381E900ACB92F /* PodfileUpgradeTests */,
			);
		};
/* End PBXProject section */

/* Begin PBXResourcesBuildPhase section */
		3FB354DD18E381E900ACB92F /* Resources */ = {
			isa = PBXResourcesBuildPhase;
			buildActionMask = 2147483647;
			files = (
				3FB354ED18E381E900ACB92F /* InfoPlist.strings in Resources */,
				3FB354F518E381E900ACB92F /* Images.xcassets in Resources */,
			);
			runOnlyForDeploymentPostprocessing = 0;
		};
		3FB354F818E381E900ACB92F /* Resources */ = {
			isa = PBXResourcesBuildPhase;
			buildActionMask = 2147483647;
			files = (
				3FB3550618E381E900ACB92F /* InfoPlist.strings in Resources */,
			);
			runOnlyForDeploymentPostprocessing = 0;
		};
/* End PBXResourcesBuildPhase section */

/* Begin PBXShellScriptBuildPhase section */
		0BDDBDAEC4064505AC1E9541 /* Check Pods Manifest.lock */ = {
			isa = PBXShellScriptBuildPhase;
			buildActionMask = 2147483647;
			files = (
			);
			inputPaths = (
			);
			name = "Check Pods Manifest.lock";
			outputPaths = (
			);
			runOnlyForDeploymentPostprocessing = 0;
			shellPath = /bin/sh;
			shellScript = "diff \"${PODS_ROOT}/../Podfile.lock\" \"${PODS_ROOT}/Manifest.lock\" > /dev/null\nif [[ $? != 0 ]] ; then\n    cat << EOM\nerror: The sandbox is not in sync with the Podfile.lock. Run 'pod install' or update your CocoaPods installation.\nEOM\n    exit 1\nfi\n";
			showEnvVarsInLog = 0;
		};
		DFF159672B734767AFAAD5CA /* Copy Pods Resources */ = {
			isa = PBXShellScriptBuildPhase;
			buildActionMask = 2147483647;
			files = (
			);
			inputPaths = (
			);
			name = "Copy Pods Resources";
			outputPaths = (
			);
			runOnlyForDeploymentPostprocessing = 0;
			shellPath = /bin/sh;
			shellScript = "\"${SRCROOT}/Pods/Pods-PodfileUpgradeTests-resources.sh\"\n";
			showEnvVarsInLog = 0;
		};
		EC3A554A67F44C2E97D25C38 /* Check Pods Manifest.lock */ = {
			isa = PBXShellScriptBuildPhase;
			buildActionMask = 2147483647;
			files = (
			);
			inputPaths = (
			);
			name = "Check Pods Manifest.lock";
			outputPaths = (
			);
			runOnlyForDeploymentPostprocessing = 0;
			shellPath = /bin/sh;
			shellScript = "diff \"${PODS_ROOT}/../Podfile.lock\" \"${PODS_ROOT}/Manifest.lock\" > /dev/null\nif [[ $? != 0 ]] ; then\n    cat << EOM\nerror: The sandbox is not in sync with the Podfile.lock. Run 'pod install' or update your CocoaPods installation.\nEOM\n    exit 1\nfi\n";
			showEnvVarsInLog = 0;
		};
		FABA357A441A47A38AD662EE /* Copy Pods Resources */ = {
			isa = PBXShellScriptBuildPhase;
			buildActionMask = 2147483647;
			files = (
			);
			inputPaths = (
			);
			name = "Copy Pods Resources";
			outputPaths = (
			);
			runOnlyForDeploymentPostprocessing = 0;
			shellPath = /bin/sh;
			shellScript = "\"${SRCROOT}/Pods/Pods-PodfileUpgrade-resources.sh\"\n";
			showEnvVarsInLog = 0;
		};
/* End PBXShellScriptBuildPhase section */

/* Begin PBXSourcesBuildPhase section */
		3FB354DB18E381E900ACB92F /* Sources */ = {
			isa = PBXSourcesBuildPhase;
			buildActionMask = 2147483647;
			files = (
				3FB354F318E381E900ACB92F /* AppDelegate.m in Sources */,
				3FB354EF18E381E900ACB92F /* main.m in Sources */,
			);
			runOnlyForDeploymentPostprocessing = 0;
		};
		3FB354F618E381E900ACB92F /* Sources */ = {
			isa = PBXSourcesBuildPhase;
			buildActionMask = 2147483647;
			files = (
				3FB3550818E381E900ACB92F /* PodfileUpgradeTests.m in Sources */,
			);
			runOnlyForDeploymentPostprocessing = 0;
		};
/* End PBXSourcesBuildPhase section */

/* Begin PBXTargetDependency section */
		3FB3550018E381E900ACB92F /* PBXTargetDependency */ = {
			isa = PBXTargetDependency;
			target = 3FB354DE18E381E900ACB92F /* PodfileUpgrade */;
			targetProxy = 3FB354FF18E381E900ACB92F /* PBXContainerItemProxy */;
		};
/* End PBXTargetDependency section */

/* Begin PBXVariantGroup section */
		3FB354EB18E381E900ACB92F /* InfoPlist.strings */ = {
			isa = PBXVariantGroup;
			children = (
				3FB354EC18E381E900ACB92F /* en */,
			);
			name = InfoPlist.strings;
			sourceTree = "<group>";
		};
		3FB3550418E381E900ACB92F /* InfoPlist.strings */ = {
			isa = PBXVariantGroup;
			children = (
				3FB3550518E381E900ACB92F /* en */,
			);
			name = InfoPlist.strings;
			sourceTree = "<group>";
		};
/* End PBXVariantGroup section */

/* Begin XCBuildConfiguration section */
		3FB3550918E381E900ACB92F /* Debug */ = {
			isa = XCBuildConfiguration;
			buildSettings = {
				ALWAYS_SEARCH_USER_PATHS = NO;
				CLANG_CXX_LANGUAGE_STANDARD = "gnu++0x";
				CLANG_CXX_LIBRARY = "libc++";
				CLANG_ENABLE_MODULES = YES;
				CLANG_ENABLE_OBJC_ARC = YES;
				CLANG_WARN_BOOL_CONVERSION = YES;
				CLANG_WARN_CONSTANT_CONVERSION = YES;
				CLANG_WARN_DIRECT_OBJC_ISA_USAGE = YES_ERROR;
				CLANG_WARN_EMPTY_BODY = YES;
				CLANG_WARN_ENUM_CONVERSION = YES;
				CLANG_WARN_INT_CONVERSION = YES;
				CLANG_WARN_OBJC_ROOT_CLASS = YES_ERROR;
				CLANG_WARN__DUPLICATE_METHOD_MATCH = YES;
				"CODE_SIGN_IDENTITY[sdk=iphoneos*]" = "iPhone Developer";
				COPY_PHASE_STRIP = NO;
				GCC_C_LANGUAGE_STANDARD = gnu99;
				GCC_DYNAMIC_NO_PIC = NO;
				GCC_OPTIMIZATION_LEVEL = 0;
				GCC_PREPROCESSOR_DEFINITIONS = (
					"DEBUG=1",
					"$(inherited)",
				);
				GCC_SYMBOLS_PRIVATE_EXTERN = NO;
				GCC_WARN_64_TO_32_BIT_CONVERSION = YES;
				GCC_WARN_ABOUT_RETURN_TYPE = YES_ERROR;
				GCC_WARN_UNDECLARED_SELECTOR = YES;
				GCC_WARN_UNINITIALIZED_AUTOS = YES_AGGRESSIVE;
				GCC_WARN_UNUSED_FUNCTION = YES;
				GCC_WARN_UNUSED_VARIABLE = YES;
				IPHONEOS_DEPLOYMENT_TARGET = 7.1;
				ONLY_ACTIVE_ARCH = YES;
				SDKROOT = iphoneos;
			};
			name = Debug;
		};
		3FB3550A18E381E900ACB92F /* Release */ = {
			isa = XCBuildConfiguration;
			buildSettings = {
				ALWAYS_SEARCH_USER_PATHS = NO;
				CLANG_CXX_LANGUAGE_STANDARD = "gnu++0x";
				CLANG_CXX_LIBRARY = "libc++";
				CLANG_ENABLE_MODULES = YES;
				CLANG_ENABLE_OBJC_ARC = YES;
				CLANG_WARN_BOOL_CONVERSION = YES;
				CLANG_WARN_CONSTANT_CONVERSION = YES;
				CLANG_WARN_DIRECT_OBJC_ISA_USAGE = YES_ERROR;
				CLANG_WARN_EMPTY_BODY = YES;
				CLANG_WARN_ENUM_CONVERSION = YES;
				CLANG_WARN_INT_CONVERSION = YES;
				CLANG_WARN_OBJC_ROOT_CLASS = YES_ERROR;
				CLANG_WARN__DUPLICATE_METHOD_MATCH = YES;
				"CODE_SIGN_IDENTITY[sdk=iphoneos*]" = "iPhone Developer";
				COPY_PHASE_STRIP = YES;
				ENABLE_NS_ASSERTIONS = NO;
				GCC_C_LANGUAGE_STANDARD = gnu99;
				GCC_WARN_64_TO_32_BIT_CONVERSION = YES;
				GCC_WARN_ABOUT_RETURN_TYPE = YES_ERROR;
				GCC_WARN_UNDECLARED_SELECTOR = YES;
				GCC_WARN_UNINITIALIZED_AUTOS = YES_AGGRESSIVE;
				GCC_WARN_UNUSED_FUNCTION = YES;
				GCC_WARN_UNUSED_VARIABLE = YES;
				IPHONEOS_DEPLOYMENT_TARGET = 7.1;
				SDKROOT = iphoneos;
				VALIDATE_PRODUCT = YES;
			};
			name = Release;
		};
		3FB3550C18E381E900ACB92F /* Debug */ = {
			isa = XCBuildConfiguration;
			baseConfigurationReference = 66954BD81A194F8BB53EA9C1 /* Pods-PodfileUpgrade.xcconfig */;
			buildSettings = {
				ASSETCATALOG_COMPILER_APPICON_NAME = AppIcon;
				ASSETCATALOG_COMPILER_LAUNCHIMAGE_NAME = LaunchImage;
				GCC_PRECOMPILE_PREFIX_HEADER = YES;
				GCC_PREFIX_HEADER = "PodfileUpgrade/PodfileUpgrade-Prefix.pch";
				INFOPLIST_FILE = "PodfileUpgrade/PodfileUpgrade-Info.plist";
				PRODUCT_NAME = "$(TARGET_NAME)";
				WRAPPER_EXTENSION = app;
			};
			name = Debug;
		};
		3FB3550D18E381E900ACB92F /* Release */ = {
			isa = XCBuildConfiguration;
			baseConfigurationReference = 66954BD81A194F8BB53EA9C1 /* Pods-PodfileUpgrade.xcconfig */;
			buildSettings = {
				ASSETCATALOG_COMPILER_APPICON_NAME = AppIcon;
				ASSETCATALOG_COMPILER_LAUNCHIMAGE_NAME = LaunchImage;
				GCC_PRECOMPILE_PREFIX_HEADER = YES;
				GCC_PREFIX_HEADER = "PodfileUpgrade/PodfileUpgrade-Prefix.pch";
				INFOPLIST_FILE = "PodfileUpgrade/PodfileUpgrade-Info.plist";
				PRODUCT_NAME = "$(TARGET_NAME)";
				WRAPPER_EXTENSION = app;
			};
			name = Release;
		};
		3FB3550F18E381E900ACB92F /* Debug */ = {
			isa = XCBuildConfiguration;
			baseConfigurationReference = 4F735927BE674796B0BB888B /* Pods-PodfileUpgradeTests.xcconfig */;
			buildSettings = {
				BUNDLE_LOADER = "$(BUILT_PRODUCTS_DIR)/PodfileUpgrade.app/PodfileUpgrade";
				FRAMEWORK_SEARCH_PATHS = (
					"$(SDKROOT)/Developer/Library/Frameworks",
					"$(inherited)",
					"$(DEVELOPER_FRAMEWORKS_DIR)",
				);
				GCC_PRECOMPILE_PREFIX_HEADER = YES;
				GCC_PREFIX_HEADER = "PodfileUpgrade/PodfileUpgrade-Prefix.pch";
				GCC_PREPROCESSOR_DEFINITIONS = (
					"DEBUG=1",
					"$(inherited)",
				);
				INFOPLIST_FILE = "PodfileUpgradeTests/PodfileUpgradeTests-Info.plist";
				PRODUCT_NAME = "$(TARGET_NAME)";
				TEST_HOST = "$(BUNDLE_LOADER)";
				WRAPPER_EXTENSION = xctest;
			};
			name = Debug;
		};
		3FB3551018E381E900ACB92F /* Release */ = {
			isa = XCBuildConfiguration;
			baseConfigurationReference = 4F735927BE674796B0BB888B /* Pods-PodfileUpgradeTests.xcconfig */;
			buildSettings = {
				BUNDLE_LOADER = "$(BUILT_PRODUCTS_DIR)/PodfileUpgrade.app/PodfileUpgrade";
				FRAMEWORK_SEARCH_PATHS = (
					"$(SDKROOT)/Developer/Library/Frameworks",
					"$(inherited)",
					"$(DEVELOPER_FRAMEWORKS_DIR)",
				);
				GCC_PRECOMPILE_PREFIX_HEADER = YES;
				GCC_PREFIX_HEADER = "PodfileUpgrade/PodfileUpgrade-Prefix.pch";
				INFOPLIST_FILE = "PodfileUpgradeTests/PodfileUpgradeTests-Info.plist";
				PRODUCT_NAME = "$(TARGET_NAME)";
				TEST_HOST = "$(BUNDLE_LOADER)";
				WRAPPER_EXTENSION = xctest;
			};
			name = Release;
		};
/* End XCBuildConfiguration section */

/* Begin XCConfigurationList section */
		3FB354DA18E381E900ACB92F /* Build configuration list for PBXProject "PodfileUpgrade" */ = {
			isa = XCConfigurationList;
			buildConfigurations = (
				3FB3550918E381E900ACB92F /* Debug */,
				3FB3550A18E381E900ACB92F /* Release */,
			);
			defaultConfigurationIsVisible = 0;
			defaultConfigurationName = Release;
		};
		3FB3550B18E381E900ACB92F /* Build configuration list for PBXNativeTarget "PodfileUpgrade" */ = {
			isa = XCConfigurationList;
			buildConfigurations = (
				3FB3550C18E381E900ACB92F /* Debug */,
				3FB3550D18E381E900ACB92F /* Release */,
			);
			defaultConfigurationIsVisible = 0;
			defaultConfigurationName = Release;
		};
		3FB3550E18E381E900ACB92F /* Build configuration list for PBXNativeTarget "PodfileUpgradeTests" */ = {
			isa = XCConfigurationList;
			buildConfigurations = (
				3FB3550F18E381E900ACB92F /* Debug */,
				3FB3551018E381E900ACB92F /* Release */,
			);
			defaultConfigurationIsVisible = 0;
			defaultConfigurationName = Release;
		};
/* End XCConfigurationList section */
	};
	rootObject = 3FB354D718E381E900ACB92F /* Project object */;
}
