// !$*UTF8*$!
{
	archiveVersion = 1;
	classes = {
	};
	objectVersion = 46;
	objects = {

/* Begin PBXBuildFile section */
		31BA6D36E2814EE78001D52D /* libPods-ResourceBundlePodExample.a in Frameworks */ = {isa = PBXBuildFile; fileRef = C54FB998EB4443BA9A5F4991 /* libPods-ResourceBundlePodExample.a */; };
		3FAEBB2618AB72BC007FCC6E /* Foundation.framework in Frameworks */ = {isa = PBXBuildFile; fileRef = 3FAEBB2518AB72BC007FCC6E /* Foundation.framework */; };
		3FAEBB2818AB72BC007FCC6E /* CoreGraphics.framework in Frameworks */ = {isa = PBXBuildFile; fileRef = 3FAEBB2718AB72BC007FCC6E /* CoreGraphics.framework */; };
		3FAEBB2A18AB72BC007FCC6E /* UIKit.framework in Frameworks */ = {isa = PBXBuildFile; fileRef = 3FAEBB2918AB72BC007FCC6E /* UIKit.framework */; };
		3FAEBB3018AB72BC007FCC6E /* InfoPlist.strings in Resources */ = {isa = PBXBuildFile; fileRef = 3FAEBB2E18AB72BC007FCC6E /* InfoPlist.strings */; };
		3FAEBB3218AB72BC007FCC6E /* main.m in Sources */ = {isa = PBXBuildFile; fileRef = 3FAEBB3118AB72BC007FCC6E /* main.m */; };
		3FAEBB3618AB72BC007FCC6E /* AppDelegate.m in Sources */ = {isa = PBXBuildFile; fileRef = 3FAEBB3518AB72BC007FCC6E /* AppDelegate.m */; };
		3FAEBB3818AB72BC007FCC6E /* Images.xcassets in Resources */ = {isa = PBXBuildFile; fileRef = 3FAEBB3718AB72BC007FCC6E /* Images.xcassets */; };
		3FAEBB3F18AB72BC007FCC6E /* XCTest.framework in Frameworks */ = {isa = PBXBuildFile; fileRef = 3FAEBB3E18AB72BC007FCC6E /* XCTest.framework */; };
		3FAEBB4018AB72BC007FCC6E /* Foundation.framework in Frameworks */ = {isa = PBXBuildFile; fileRef = 3FAEBB2518AB72BC007FCC6E /* Foundation.framework */; };
		3FAEBB4118AB72BC007FCC6E /* UIKit.framework in Frameworks */ = {isa = PBXBuildFile; fileRef = 3FAEBB2918AB72BC007FCC6E /* UIKit.framework */; };
		3FAEBB4918AB72BC007FCC6E /* InfoPlist.strings in Resources */ = {isa = PBXBuildFile; fileRef = 3FAEBB4718AB72BC007FCC6E /* InfoPlist.strings */; };
		3FAEBB4B18AB72BC007FCC6E /* ResourceBundlePodExampleTests.m in Sources */ = {isa = PBXBuildFile; fileRef = 3FAEBB4A18AB72BC007FCC6E /* ResourceBundlePodExampleTests.m */; };
		3FAEBB5618AB746B007FCC6E /* ViewController.m in Sources */ = {isa = PBXBuildFile; fileRef = 3FAEBB5518AB746B007FCC6E /* ViewController.m */; };
/* End PBXBuildFile section */

/* Begin PBXContainerItemProxy section */
		3FAEBB4218AB72BC007FCC6E /* PBXContainerItemProxy */ = {
			isa = PBXContainerItemProxy;
			containerPortal = 3FAEBB1A18AB72BC007FCC6E /* Project object */;
			proxyType = 1;
			remoteGlobalIDString = 3FAEBB2118AB72BC007FCC6E;
			remoteInfo = ResourceBundlePodExample;
		};
/* End PBXContainerItemProxy section */

/* Begin PBXFileReference section */
		3FAEBB2218AB72BC007FCC6E /* ResourceBundlePodExample.app */ = {isa = PBXFileReference; explicitFileType = wrapper.application; includeInIndex = 0; path = ResourceBundlePodExample.app; sourceTree = BUILT_PRODUCTS_DIR; };
		3FAEBB2518AB72BC007FCC6E /* Foundation.framework */ = {isa = PBXFileReference; lastKnownFileType = wrapper.framework; name = Foundation.framework; path = System/Library/Frameworks/Foundation.framework; sourceTree = SDKROOT; };
		3FAEBB2718AB72BC007FCC6E /* CoreGraphics.framework */ = {isa = PBXFileReference; lastKnownFileType = wrapper.framework; name = CoreGraphics.framework; path = System/Library/Frameworks/CoreGraphics.framework; sourceTree = SDKROOT; };
		3FAEBB2918AB72BC007FCC6E /* UIKit.framework */ = {isa = PBXFileReference; lastKnownFileType = wrapper.framework; name = UIKit.framework; path = System/Library/Frameworks/UIKit.framework; sourceTree = SDKROOT; };
		3FAEBB2D18AB72BC007FCC6E /* ResourceBundlePodExample-Info.plist */ = {isa = PBXFileReference; lastKnownFileType = text.plist.xml; path = "ResourceBundlePodExample-Info.plist"; sourceTree = "<group>"; };
		3FAEBB2F18AB72BC007FCC6E /* en */ = {isa = PBXFileReference; lastKnownFileType = text.plist.strings; name = en; path = en.lproj/InfoPlist.strings; sourceTree = "<group>"; };
		3FAEBB3118AB72BC007FCC6E /* main.m */ = {isa = PBXFileReference; lastKnownFileType = sourcecode.c.objc; path = main.m; sourceTree = "<group>"; };
		3FAEBB3318AB72BC007FCC6E /* ResourceBundlePodExample-Prefix.pch */ = {isa = PBXFileReference; lastKnownFileType = sourcecode.c.h; path = "ResourceBundlePodExample-Prefix.pch"; sourceTree = "<group>"; };
		3FAEBB3418AB72BC007FCC6E /* AppDelegate.h */ = {isa = PBXFileReference; lastKnownFileType = sourcecode.c.h; path = AppDelegate.h; sourceTree = "<group>"; };
		3FAEBB3518AB72BC007FCC6E /* AppDelegate.m */ = {isa = PBXFileReference; lastKnownFileType = sourcecode.c.objc; path = AppDelegate.m; sourceTree = "<group>"; };
		3FAEBB3718AB72BC007FCC6E /* Images.xcassets */ = {isa = PBXFileReference; lastKnownFileType = folder.assetcatalog; path = Images.xcassets; sourceTree = "<group>"; };
		3FAEBB3D18AB72BC007FCC6E /* ResourceBundlePodExampleTests.xctest */ = {isa = PBXFileReference; explicitFileType = wrapper.cfbundle; includeInIndex = 0; path = ResourceBundlePodExampleTests.xctest; sourceTree = BUILT_PRODUCTS_DIR; };
		3FAEBB3E18AB72BC007FCC6E /* XCTest.framework */ = {isa = PBXFileReference; lastKnownFileType = wrapper.framework; name = XCTest.framework; path = Library/Frameworks/XCTest.framework; sourceTree = DEVELOPER_DIR; };
		3FAEBB4618AB72BC007FCC6E /* ResourceBundlePodExampleTests-Info.plist */ = {isa = PBXFileReference; lastKnownFileType = text.plist.xml; path = "ResourceBundlePodExampleTests-Info.plist"; sourceTree = "<group>"; };
		3FAEBB4818AB72BC007FCC6E /* en */ = {isa = PBXFileReference; lastKnownFileType = text.plist.strings; name = en; path = en.lproj/InfoPlist.strings; sourceTree = "<group>"; };
		3FAEBB4A18AB72BC007FCC6E /* ResourceBundlePodExampleTests.m */ = {isa = PBXFileReference; lastKnownFileType = sourcecode.c.objc; path = ResourceBundlePodExampleTests.m; sourceTree = "<group>"; };
		3FAEBB5418AB746B007FCC6E /* ViewController.h */ = {isa = PBXFileReference; fileEncoding = 4; lastKnownFileType = sourcecode.c.h; path = ViewController.h; sourceTree = "<group>"; };
		3FAEBB5518AB746B007FCC6E /* ViewController.m */ = {isa = PBXFileReference; fileEncoding = 4; lastKnownFileType = sourcecode.c.objc; path = ViewController.m; sourceTree = "<group>"; };
		79F1199D17F74C7295867D69 /* Pods-ResourceBundlePodExample.xcconfig */ = {isa = PBXFileReference; includeInIndex = 1; lastKnownFileType = text.xcconfig; name = "Pods-ResourceBundlePodExample.xcconfig"; path = "Pods/Pods-ResourceBundlePodExample.xcconfig"; sourceTree = "<group>"; };
		C54FB998EB4443BA9A5F4991 /* libPods-ResourceBundlePodExample.a */ = {isa = PBXFileReference; explicitFileType = archive.ar; includeInIndex = 0; path = "libPods-ResourceBundlePodExample.a"; sourceTree = BUILT_PRODUCTS_DIR; };
/* End PBXFileReference section */

/* Begin PBXFrameworksBuildPhase section */
		3FAEBB1F18AB72BC007FCC6E /* Frameworks */ = {
			isa = PBXFrameworksBuildPhase;
			buildActionMask = 2147483647;
			files = (
				3FAEBB2818AB72BC007FCC6E /* CoreGraphics.framework in Frameworks */,
				3FAEBB2A18AB72BC007FCC6E /* UIKit.framework in Frameworks */,
				3FAEBB2618AB72BC007FCC6E /* Foundation.framework in Frameworks */,
				31BA6D36E2814EE78001D52D /* libPods-ResourceBundlePodExample.a in Frameworks */,
			);
			runOnlyForDeploymentPostprocessing = 0;
		};
		3FAEBB3A18AB72BC007FCC6E /* Frameworks */ = {
			isa = PBXFrameworksBuildPhase;
			buildActionMask = 2147483647;
			files = (
				3FAEBB3F18AB72BC007FCC6E /* XCTest.framework in Frameworks */,
				3FAEBB4118AB72BC007FCC6E /* UIKit.framework in Frameworks */,
				3FAEBB4018AB72BC007FCC6E /* Foundation.framework in Frameworks */,
			);
			runOnlyForDeploymentPostprocessing = 0;
		};
/* End PBXFrameworksBuildPhase section */

/* Begin PBXGroup section */
		3FAEBB1918AB72BC007FCC6E = {
			isa = PBXGroup;
			children = (
				3FAEBB2B18AB72BC007FCC6E /* ResourceBundlePodExample */,
				3FAEBB4418AB72BC007FCC6E /* ResourceBundlePodExampleTests */,
				3FAEBB2418AB72BC007FCC6E /* Frameworks */,
				3FAEBB2318AB72BC007FCC6E /* Products */,
				79F1199D17F74C7295867D69 /* Pods-ResourceBundlePodExample.xcconfig */,
			);
			indentWidth = 4;
			sourceTree = "<group>";
			tabWidth = 4;
			usesTabs = 0;
		};
		3FAEBB2318AB72BC007FCC6E /* Products */ = {
			isa = PBXGroup;
			children = (
				3FAEBB2218AB72BC007FCC6E /* ResourceBundlePodExample.app */,
				3FAEBB3D18AB72BC007FCC6E /* ResourceBundlePodExampleTests.xctest */,
			);
			name = Products;
			sourceTree = "<group>";
		};
		3FAEBB2418AB72BC007FCC6E /* Frameworks */ = {
			isa = PBXGroup;
			children = (
				3FAEBB2518AB72BC007FCC6E /* Foundation.framework */,
				3FAEBB2718AB72BC007FCC6E /* CoreGraphics.framework */,
				3FAEBB2918AB72BC007FCC6E /* UIKit.framework */,
				3FAEBB3E18AB72BC007FCC6E /* XCTest.framework */,
				C54FB998EB4443BA9A5F4991 /* libPods-ResourceBundlePodExample.a */,
			);
			name = Frameworks;
			sourceTree = "<group>";
		};
		3FAEBB2B18AB72BC007FCC6E /* ResourceBundlePodExample */ = {
			isa = PBXGroup;
			children = (
				3FAEBB3418AB72BC007FCC6E /* AppDelegate.h */,
				3FAEBB3518AB72BC007FCC6E /* AppDelegate.m */,
				3FAEBB3718AB72BC007FCC6E /* Images.xcassets */,
				3FAEBB2C18AB72BC007FCC6E /* Supporting Files */,
				3FAEBB5418AB746B007FCC6E /* ViewController.h */,
				3FAEBB5518AB746B007FCC6E /* ViewController.m */,
			);
			path = ResourceBundlePodExample;
			sourceTree = "<group>";
		};
		3FAEBB2C18AB72BC007FCC6E /* Supporting Files */ = {
			isa = PBXGroup;
			children = (
				3FAEBB2D18AB72BC007FCC6E /* ResourceBundlePodExample-Info.plist */,
				3FAEBB2E18AB72BC007FCC6E /* InfoPlist.strings */,
				3FAEBB3118AB72BC007FCC6E /* main.m */,
				3FAEBB3318AB72BC007FCC6E /* ResourceBundlePodExample-Prefix.pch */,
			);
			name = "Supporting Files";
			sourceTree = "<group>";
		};
		3FAEBB4418AB72BC007FCC6E /* ResourceBundlePodExampleTests */ = {
			isa = PBXGroup;
			children = (
				3FAEBB4A18AB72BC007FCC6E /* ResourceBundlePodExampleTests.m */,
				3FAEBB4518AB72BC007FCC6E /* Supporting Files */,
			);
			path = ResourceBundlePodExampleTests;
			sourceTree = "<group>";
		};
		3FAEBB4518AB72BC007FCC6E /* Supporting Files */ = {
			isa = PBXGroup;
			children = (
				3FAEBB4618AB72BC007FCC6E /* ResourceBundlePodExampleTests-Info.plist */,
				3FAEBB4718AB72BC007FCC6E /* InfoPlist.strings */,
			);
			name = "Supporting Files";
			sourceTree = "<group>";
		};
/* End PBXGroup section */

/* Begin PBXNativeTarget section */
		3FAEBB2118AB72BC007FCC6E /* ResourceBundlePodExample */ = {
			isa = PBXNativeTarget;
			buildConfigurationList = 3FAEBB4E18AB72BC007FCC6E /* Build configuration list for PBXNativeTarget "ResourceBundlePodExample" */;
			buildPhases = (
				66819094AB4B4B4597B4CED0 /* Check Pods Manifest.lock */,
				3FAEBB1E18AB72BC007FCC6E /* Sources */,
				3FAEBB1F18AB72BC007FCC6E /* Frameworks */,
				3FAEBB2018AB72BC007FCC6E /* Resources */,
				1106D0E98D9041F6BA70AE53 /* Warn for TODO and FIXME comments */,
				3834775C455D46A9855C84C8 /* Copy Pods Resources */,
			);
			buildRules = (
			);
			dependencies = (
			);
			name = ResourceBundlePodExample;
			productName = ResourceBundlePodExample;
			productReference = 3FAEBB2218AB72BC007FCC6E /* ResourceBundlePodExample.app */;
			productType = "com.apple.product-type.application";
		};
		3FAEBB3C18AB72BC007FCC6E /* ResourceBundlePodExampleTests */ = {
			isa = PBXNativeTarget;
			buildConfigurationList = 3FAEBB5118AB72BC007FCC6E /* Build configuration list for PBXNativeTarget "ResourceBundlePodExampleTests" */;
			buildPhases = (
				3FAEBB3918AB72BC007FCC6E /* Sources */,
				3FAEBB3A18AB72BC007FCC6E /* Frameworks */,
				3FAEBB3B18AB72BC007FCC6E /* Resources */,
			);
			buildRules = (
			);
			dependencies = (
				3FAEBB4318AB72BC007FCC6E /* PBXTargetDependency */,
			);
			name = ResourceBundlePodExampleTests;
			productName = ResourceBundlePodExampleTests;
			productReference = 3FAEBB3D18AB72BC007FCC6E /* ResourceBundlePodExampleTests.xctest */;
			productType = "com.apple.product-type.bundle.unit-test";
		};
/* End PBXNativeTarget section */

/* Begin PBXProject section */
		3FAEBB1A18AB72BC007FCC6E /* Project object */ = {
			isa = PBXProject;
			attributes = {
				LastUpgradeCheck = 0500;
				ORGANIZATIONNAME = mokagio;
				TargetAttributes = {
					3FAEBB3C18AB72BC007FCC6E = {
						TestTargetID = 3FAEBB2118AB72BC007FCC6E;
					};
				};
			};
			buildConfigurationList = 3FAEBB1D18AB72BC007FCC6E /* Build configuration list for PBXProject "ResourceBundlePodExample" */;
			compatibilityVersion = "Xcode 3.2";
			developmentRegion = English;
			hasScannedForEncodings = 0;
			knownRegions = (
				en,
			);
			mainGroup = 3FAEBB1918AB72BC007FCC6E;
			productRefGroup = 3FAEBB2318AB72BC007FCC6E /* Products */;
			projectDirPath = "";
			projectRoot = "";
			targets = (
				3FAEBB2118AB72BC007FCC6E /* ResourceBundlePodExample */,
				3FAEBB3C18AB72BC007FCC6E /* ResourceBundlePodExampleTests */,
			);
		};
/* End PBXProject section */

/* Begin PBXResourcesBuildPhase section */
		3FAEBB2018AB72BC007FCC6E /* Resources */ = {
			isa = PBXResourcesBuildPhase;
			buildActionMask = 2147483647;
			files = (
				3FAEBB3018AB72BC007FCC6E /* InfoPlist.strings in Resources */,
				3FAEBB3818AB72BC007FCC6E /* Images.xcassets in Resources */,
			);
			runOnlyForDeploymentPostprocessing = 0;
		};
		3FAEBB3B18AB72BC007FCC6E /* Resources */ = {
			isa = PBXResourcesBuildPhase;
			buildActionMask = 2147483647;
			files = (
				3FAEBB4918AB72BC007FCC6E /* InfoPlist.strings in Resources */,
			);
			runOnlyForDeploymentPostprocessing = 0;
		};
/* End PBXResourcesBuildPhase section */

/* Begin PBXShellScriptBuildPhase section */
		1106D0E98D9041F6BA70AE53 /* Warn for TODO and FIXME comments */ = {
			isa = PBXShellScriptBuildPhase;
			buildActionMask = 2147483647;
			files = (
			);
			inputPaths = (
			);
			name = "Warn for TODO and FIXME comments";
			outputPaths = (
			);
			runOnlyForDeploymentPostprocessing = 0;
			shellPath = /bin/sh;
			shellScript = "KEYWORDS=\"TODO:|FIXME:|\\?\\?\\?:|\\!\\!\\!:\"\nFILE_EXTENSIONS=\"h|m|mm|c|cpp\"\nfind -E \"${SRCROOT}\" -ipath \"${SRCROOT}/pods\" -prune -o \\( -regex \".*\\.($FILE_EXTENSIONS)$\" \\) -print0 | xargs -0 egrep --with-filename --line-number --only-matching \"($KEYWORDS).*\\$\" | perl -p -e \"s/($KEYWORDS)/ warning: \\$1/\"\n";
		};
		3834775C455D46A9855C84C8 /* Copy Pods Resources */ = {
			isa = PBXShellScriptBuildPhase;
			buildActionMask = 2147483647;
			files = (
			);
			inputPaths = (
			);
			name = "Copy Pods Resources";
			outputPaths = (
			);
			runOnlyForDeploymentPostprocessing = 0;
			shellPath = /bin/sh;
			shellScript = "\"${SRCROOT}/Pods/Pods-ResourceBundlePodExample-resources.sh\"\n";
			showEnvVarsInLog = 0;
		};
		66819094AB4B4B4597B4CED0 /* Check Pods Manifest.lock */ = {
			isa = PBXShellScriptBuildPhase;
			buildActionMask = 2147483647;
			files = (
			);
			inputPaths = (
			);
			name = "Check Pods Manifest.lock";
			outputPaths = (
			);
			runOnlyForDeploymentPostprocessing = 0;
			shellPath = /bin/sh;
			shellScript = "diff \"${PODS_ROOT}/../Podfile.lock\" \"${PODS_ROOT}/Manifest.lock\" > /dev/null\nif [[ $? != 0 ]] ; then\n    cat << EOM\nerror: The sandbox is not in sync with the Podfile.lock. Run 'pod install' or update your CocoaPods installation.\nEOM\n    exit 1\nfi\n";
			showEnvVarsInLog = 0;
		};
/* End PBXShellScriptBuildPhase section */

/* Begin PBXSourcesBuildPhase section */
		3FAEBB1E18AB72BC007FCC6E /* Sources */ = {
			isa = PBXSourcesBuildPhase;
			buildActionMask = 2147483647;
			files = (
				3FAEBB5618AB746B007FCC6E /* ViewController.m in Sources */,
				3FAEBB3618AB72BC007FCC6E /* AppDelegate.m in Sources */,
				3FAEBB3218AB72BC007FCC6E /* main.m in Sources */,
			);
			runOnlyForDeploymentPostprocessing = 0;
		};
		3FAEBB3918AB72BC007FCC6E /* Sources */ = {
			isa = PBXSourcesBuildPhase;
			buildActionMask = 2147483647;
			files = (
				3FAEBB4B18AB72BC007FCC6E /* ResourceBundlePodExampleTests.m in Sources */,
			);
			runOnlyForDeploymentPostprocessing = 0;
		};
/* End PBXSourcesBuildPhase section */

/* Begin PBXTargetDependency section */
		3FAEBB4318AB72BC007FCC6E /* PBXTargetDependency */ = {
			isa = PBXTargetDependency;
			target = 3FAEBB2118AB72BC007FCC6E /* ResourceBundlePodExample */;
			targetProxy = 3FAEBB4218AB72BC007FCC6E /* PBXContainerItemProxy */;
		};
/* End PBXTargetDependency section */

/* Begin PBXVariantGroup section */
		3FAEBB2E18AB72BC007FCC6E /* InfoPlist.strings */ = {
			isa = PBXVariantGroup;
			children = (
				3FAEBB2F18AB72BC007FCC6E /* en */,
			);
			name = InfoPlist.strings;
			sourceTree = "<group>";
		};
		3FAEBB4718AB72BC007FCC6E /* InfoPlist.strings */ = {
			isa = PBXVariantGroup;
			children = (
				3FAEBB4818AB72BC007FCC6E /* en */,
			);
			name = InfoPlist.strings;
			sourceTree = "<group>";
		};
/* End PBXVariantGroup section */

/* Begin XCBuildConfiguration section */
		3FAEBB4C18AB72BC007FCC6E /* Debug */ = {
			isa = XCBuildConfiguration;
			buildSettings = {
				ALWAYS_SEARCH_USER_PATHS = NO;
				ARCHS = "$(ARCHS_STANDARD_INCLUDING_64_BIT)";
				CLANG_CXX_LANGUAGE_STANDARD = "gnu++0x";
				CLANG_CXX_LIBRARY = "libc++";
				CLANG_ENABLE_MODULES = YES;
				CLANG_ENABLE_OBJC_ARC = YES;
				CLANG_WARN_BOOL_CONVERSION = YES;
				CLANG_WARN_CONSTANT_CONVERSION = YES;
				CLANG_WARN_DEPRECATED_OBJC_IMPLEMENTATIONS = YES;
				CLANG_WARN_DIRECT_OBJC_ISA_USAGE = YES_ERROR;
				CLANG_WARN_EMPTY_BODY = YES;
				CLANG_WARN_ENUM_CONVERSION = YES;
				CLANG_WARN_INT_CONVERSION = YES;
				CLANG_WARN_OBJC_IMPLICIT_RETAIN_SELF = YES;
				CLANG_WARN_OBJC_ROOT_CLASS = YES_ERROR;
				CLANG_WARN__DUPLICATE_METHOD_MATCH = YES;
				"CODE_SIGN_IDENTITY[sdk=iphoneos*]" = "iPhone Developer";
				COPY_PHASE_STRIP = NO;
				GCC_C_LANGUAGE_STANDARD = gnu99;
				GCC_DYNAMIC_NO_PIC = NO;
				GCC_OPTIMIZATION_LEVEL = 0;
				GCC_PREPROCESSOR_DEFINITIONS = (
					"DEBUG=1",
					"$(inherited)",
				);
				GCC_SYMBOLS_PRIVATE_EXTERN = NO;
				GCC_WARN_64_TO_32_BIT_CONVERSION = YES;
				GCC_WARN_ABOUT_MISSING_FIELD_INITIALIZERS = YES;
				GCC_WARN_ABOUT_MISSING_NEWLINE = YES;
				GCC_WARN_ABOUT_RETURN_TYPE = YES;
				GCC_WARN_CHECK_SWITCH_STATEMENTS = YES;
				GCC_WARN_INITIALIZER_NOT_FULLY_BRACKETED = YES;
				GCC_WARN_MISSING_PARENTHESES = YES;
				GCC_WARN_SHADOW = YES;
				GCC_WARN_SIGN_COMPARE = YES;
				GCC_WARN_TYPECHECK_CALLS_TO_PRINTF = YES;
				GCC_WARN_UNDECLARED_SELECTOR = YES;
				GCC_WARN_UNINITIALIZED_AUTOS = YES;
				GCC_WARN_UNUSED_FUNCTION = YES;
				GCC_WARN_UNUSED_LABEL = YES;
				GCC_WARN_UNUSED_VALUE = YES;
				GCC_WARN_UNUSED_VARIABLE = YES;
				IPHONEOS_DEPLOYMENT_TARGET = 7.0;
				ONLY_ACTIVE_ARCH = YES;
				RUN_CLANG_STATIC_ANALYZER = YES;
				SDKROOT = iphoneos;
			};
			name = Debug;
		};
		3FAEBB4D18AB72BC007FCC6E /* Release */ = {
			isa = XCBuildConfiguration;
			buildSettings = {
				ALWAYS_SEARCH_USER_PATHS = NO;
				ARCHS = "$(ARCHS_STANDARD_INCLUDING_64_BIT)";
				CLANG_CXX_LANGUAGE_STANDARD = "gnu++0x";
				CLANG_CXX_LIBRARY = "libc++";
				CLANG_ENABLE_MODULES = YES;
				CLANG_ENABLE_OBJC_ARC = YES;
				CLANG_WARN_BOOL_CONVERSION = YES;
				CLANG_WARN_CONSTANT_CONVERSION = YES;
				CLANG_WARN_DEPRECATED_OBJC_IMPLEMENTATIONS = YES;
				CLANG_WARN_DIRECT_OBJC_ISA_USAGE = YES_ERROR;
				CLANG_WARN_EMPTY_BODY = YES;
				CLANG_WARN_ENUM_CONVERSION = YES;
				CLANG_WARN_INT_CONVERSION = YES;
				CLANG_WARN_OBJC_IMPLICIT_RETAIN_SELF = YES;
				CLANG_WARN_OBJC_ROOT_CLASS = YES_ERROR;
				CLANG_WARN__DUPLICATE_METHOD_MATCH = YES;
				"CODE_SIGN_IDENTITY[sdk=iphoneos*]" = "iPhone Developer";
				COPY_PHASE_STRIP = YES;
				ENABLE_NS_ASSERTIONS = NO;
				GCC_C_LANGUAGE_STANDARD = gnu99;
				GCC_WARN_64_TO_32_BIT_CONVERSION = YES;
				GCC_WARN_ABOUT_MISSING_FIELD_INITIALIZERS = YES;
				GCC_WARN_ABOUT_MISSING_NEWLINE = YES;
				GCC_WARN_ABOUT_RETURN_TYPE = YES;
				GCC_WARN_CHECK_SWITCH_STATEMENTS = YES;
				GCC_WARN_INITIALIZER_NOT_FULLY_BRACKETED = YES;
				GCC_WARN_MISSING_PARENTHESES = YES;
				GCC_WARN_SHADOW = YES;
				GCC_WARN_SIGN_COMPARE = YES;
				GCC_WARN_TYPECHECK_CALLS_TO_PRINTF = YES;
				GCC_WARN_UNDECLARED_SELECTOR = YES;
				GCC_WARN_UNINITIALIZED_AUTOS = YES;
				GCC_WARN_UNUSED_FUNCTION = YES;
				GCC_WARN_UNUSED_LABEL = YES;
				GCC_WARN_UNUSED_VALUE = YES;
				GCC_WARN_UNUSED_VARIABLE = YES;
				IPHONEOS_DEPLOYMENT_TARGET = 7.0;
				RUN_CLANG_STATIC_ANALYZER = YES;
				SDKROOT = iphoneos;
				VALIDATE_PRODUCT = YES;
			};
			name = Release;
		};
		3FAEBB4F18AB72BC007FCC6E /* Debug */ = {
			isa = XCBuildConfiguration;
			baseConfigurationReference = 79F1199D17F74C7295867D69 /* Pods-ResourceBundlePodExample.xcconfig */;
			buildSettings = {
				ASSETCATALOG_COMPILER_APPICON_NAME = AppIcon;
				ASSETCATALOG_COMPILER_LAUNCHIMAGE_NAME = LaunchImage;
				GCC_PRECOMPILE_PREFIX_HEADER = YES;
				GCC_PREFIX_HEADER = "ResourceBundlePodExample/ResourceBundlePodExample-Prefix.pch";
				INFOPLIST_FILE = "ResourceBundlePodExample/ResourceBundlePodExample-Info.plist";
				PRODUCT_NAME = "$(TARGET_NAME)";
				WRAPPER_EXTENSION = app;
			};
			name = Debug;
		};
		3FAEBB5018AB72BC007FCC6E /* Release */ = {
			isa = XCBuildConfiguration;
			baseConfigurationReference = 79F1199D17F74C7295867D69 /* Pods-ResourceBundlePodExample.xcconfig */;
			buildSettings = {
				ASSETCATALOG_COMPILER_APPICON_NAME = AppIcon;
				ASSETCATALOG_COMPILER_LAUNCHIMAGE_NAME = LaunchImage;
				GCC_PRECOMPILE_PREFIX_HEADER = YES;
				GCC_PREFIX_HEADER = "ResourceBundlePodExample/ResourceBundlePodExample-Prefix.pch";
				INFOPLIST_FILE = "ResourceBundlePodExample/ResourceBundlePodExample-Info.plist";
				PRODUCT_NAME = "$(TARGET_NAME)";
				WRAPPER_EXTENSION = app;
			};
			name = Release;
		};
		3FAEBB5218AB72BC007FCC6E /* Debug */ = {
			isa = XCBuildConfiguration;
			buildSettings = {
				ARCHS = "$(ARCHS_STANDARD_INCLUDING_64_BIT)";
				BUNDLE_LOADER = "$(BUILT_PRODUCTS_DIR)/ResourceBundlePodExample.app/ResourceBundlePodExample";
				FRAMEWORK_SEARCH_PATHS = (
					"$(SDKROOT)/Developer/Library/Frameworks",
					"$(inherited)",
					"$(DEVELOPER_FRAMEWORKS_DIR)",
				);
				GCC_PRECOMPILE_PREFIX_HEADER = YES;
				GCC_PREFIX_HEADER = "ResourceBundlePodExample/ResourceBundlePodExample-Prefix.pch";
				GCC_PREPROCESSOR_DEFINITIONS = (
					"DEBUG=1",
					"$(inherited)",
				);
				INFOPLIST_FILE = "ResourceBundlePodExampleTests/ResourceBundlePodExampleTests-Info.plist";
				PRODUCT_NAME = "$(TARGET_NAME)";
				TEST_HOST = "$(BUNDLE_LOADER)";
				WRAPPER_EXTENSION = xctest;
			};
			name = Debug;
		};
		3FAEBB5318AB72BC007FCC6E /* Release */ = {
			isa = XCBuildConfiguration;
			buildSettings = {
				ARCHS = "$(ARCHS_STANDARD_INCLUDING_64_BIT)";
				BUNDLE_LOADER = "$(BUILT_PRODUCTS_DIR)/ResourceBundlePodExample.app/ResourceBundlePodExample";
				FRAMEWORK_SEARCH_PATHS = (
					"$(SDKROOT)/Developer/Library/Frameworks",
					"$(inherited)",
					"$(DEVELOPER_FRAMEWORKS_DIR)",
				);
				GCC_PRECOMPILE_PREFIX_HEADER = YES;
				GCC_PREFIX_HEADER = "ResourceBundlePodExample/ResourceBundlePodExample-Prefix.pch";
				INFOPLIST_FILE = "ResourceBundlePodExampleTests/ResourceBundlePodExampleTests-Info.plist";
				PRODUCT_NAME = "$(TARGET_NAME)";
				TEST_HOST = "$(BUNDLE_LOADER)";
				WRAPPER_EXTENSION = xctest;
			};
			name = Release;
		};
/* End XCBuildConfiguration section */

/* Begin XCConfigurationList section */
		3FAEBB1D18AB72BC007FCC6E /* Build configuration list for PBXProject "ResourceBundlePodExample" */ = {
			isa = XCConfigurationList;
			buildConfigurations = (
				3FAEBB4C18AB72BC007FCC6E /* Debug */,
				3FAEBB4D18AB72BC007FCC6E /* Release */,
			);
			defaultConfigurationIsVisible = 0;
			defaultConfigurationName = Release;
		};
		3FAEBB4E18AB72BC007FCC6E /* Build configuration list for PBXNativeTarget "ResourceBundlePodExample" */ = {
			isa = XCConfigurationList;
			buildConfigurations = (
				3FAEBB4F18AB72BC007FCC6E /* Debug */,
				3FAEBB5018AB72BC007FCC6E /* Release */,
			);
			defaultConfigurationIsVisible = 0;
			defaultConfigurationName = Release;
		};
		3FAEBB5118AB72BC007FCC6E /* Build configuration list for PBXNativeTarget "ResourceBundlePodExampleTests" */ = {
			isa = XCConfigurationList;
			buildConfigurations = (
				3FAEBB5218AB72BC007FCC6E /* Debug */,
				3FAEBB5318AB72BC007FCC6E /* Release */,
			);
			defaultConfigurationIsVisible = 0;
			defaultConfigurationName = Release;
		};
/* End XCConfigurationList section */
	};
	rootObject = 3FAEBB1A18AB72BC007FCC6E /* Project object */;
}
